
Microsoft Visual Studio Solution File, Format Version 12.00
# Visual Studio Version 16
VisualStudioVersion = 16.0.29418.71
MinimumVisualStudioVersion = 10.0.40219.1
Project("{FAE04EC0-301F-11D3-BF4B-00C04F79EFBC}") = "Yolo Spammer", "Yolo Spammer\Yolo Spammer.csproj", "{F2A9FAAF-452E-403C-A8B8-49B50D51CD90}"
EndProject
Global
	GlobalSection(SolutionConfigurationPlatforms) = preSolution
		Debug|Any CPU = Debug|Any CPU
		Release|Any CPU = Release|Any CPU
	EndGlobalSection
	GlobalSection(ProjectConfigurationPlatforms) = postSolution
		{F2A9FAAF-452E-403C-A8B8-49B50D51CD90}.Debug|Any CPU.ActiveCfg = Debug|Any CPU
		{F2A9FAAF-452E-403C-A8B8-49B50D51CD90}.Debug|Any CPU.Build.0 = Debug|Any CPU
		{F2A9FAAF-452E-403C-A8B8-49B50D51CD90}.Release|Any CPU.ActiveCfg = Release|Any CPU
		{F2A9FAAF-452E-403C-A8B8-49B50D51CD90}.Release|Any CPU.Build.0 = Release|Any CPU
	EndGlobalSection
	GlobalSection(SolutionProperties) = preSolution
		HideSolutionNode = FALSE
	EndGlobalSection
	GlobalSection(ExtensibilityGlobals) = postSolution
		SolutionGuid = {103FA3B1-A8C5-4F28-9305-332F499CC0BF}
	EndGlobalSection
EndGlobal
